{
  "nodes": {
    "base16-helix": {
      "flake": false,
      "locked": {
        "lastModified": 1760703920,
        "narHash": "sha256-m82fGUYns4uHd+ZTdoLX2vlHikzwzdu2s2rYM2bNwzw=",
        "owner": "tinted-theming",
        "repo": "base16-helix",
        "rev": "d646af9b7d14bff08824538164af99d0c521b185",
        "type": "github"
      },
      "original": {
        "owner": "tinted-theming",
        "repo": "base16-helix",
        "type": "github"
      }
    },
    "base16-i3": {
      "flake": false,
      "locked": {
        "lastModified": 1768701497,
        "narHash": "sha256-J23ua4Yz7gPhR/6kkSvcHJ/R8gdOFGV0z/WqMJqBp9E=",
        "owner": "tinted-theming",
        "repo": "base16-i3",
        "rev": "8e4122fc7cf702d08856dc98e2ee155153369923",
        "type": "github"
      },
      "original": {
        "owner": "tinted-theming",
        "repo": "base16-i3",
        "type": "github"
      }
    },
    "base16-quickshell": {
      "flake": false,
      "locked": {
        "lastModified": 1755371487,
        "narHash": "sha256-SiyvYlUkJsCs9SdsCLoVEvIgyIfIgxEYP/YEnPMvlA8=",
        "owner": "soenkehahn",
        "repo": "base16-quickshell",
        "rev": "f8aaf4facdce4863096810185edc9af4d359296f",
        "type": "github"
      },
      "original": {
        "owner": "soenkehahn",
        "repo": "base16-quickshell",
        "type": "github"
      }
    },
    "base16-rofi": {
      "flake": false,
      "locked": {
        "lastModified": 1768699184,
        "narHash": "sha256-gP+lDwuK+s7R7ikk8LiYdDf1xoWZuOB8bI9ohOpuSfw=",
        "owner": "tinted-theming",
        "repo": "base16-rofi",
        "rev": "a0d622475e0085d67af7cc7669e3572a0b866d11",
        "type": "github"
      },
      "original": {
        "owner": "tinted-theming",
        "repo": "base16-rofi",
        "type": "github"
      }
    },
    "base16-vim": {
      "flake": false,
      "locked": {
        "lastModified": 1768527792,
        "narHash": "sha256-64z0pj1CbrztbK+c8zJbD2lyDX0FIbUVy1dqyz46f78=",
        "owner": "tinted-theming",
        "repo": "base16-vim",
        "rev": "3d4aefaa003ad96535a51ff54d579ecd13fbdb0f",
        "type": "github"
      },
      "original": {
        "owner": "tinted-theming",
        "repo": "base16-vim",
        "type": "github"
      }
    },
    "cradle": {
      "inputs": {
        "flake-utils": [
          "flake-utils"
        ],
        "nixpkgs": [
          "nixpkgs"
        ]
      },
      "locked": {
        "lastModified": 1759779411,
        "narHash": "sha256-wg1/WMu624PQuzrSEE2SP31AbzrIQmUZm4dcCQ/yvYk=",
        "owner": "garnix-io",
        "repo": "cradle",
        "rev": "711c441fa8f190a8964c56a3bae864cd5321c5c5",
        "type": "github"
      },
      "original": {
        "owner": "garnix-io",
        "repo": "cradle",
        "type": "github"
      }
    },
    "flake-utils": {
      "inputs": {
        "systems": "systems"
      },
      "locked": {
        "lastModified": 1731533236,
        "narHash": "sha256-l0KFg5HjrsfsO/JpG+r7fRrqm12kzFHyUHqHCVpMMbI=",
        "owner": "numtide",
        "repo": "flake-utils",
        "rev": "11707dc2f618dd54ca8739b309ec4fc024de578b",
        "type": "github"
      },
      "original": {
        "owner": "numtide",
        "repo": "flake-utils",
        "type": "github"
      }
    },
    "nixpkgs": {
      "locked": {
        "lastModified": 1769523599,
        "narHash": "sha256-z85BTo0BO0sOMuPEfbZhNkraC9fLgFzFGayNHXNvhUE=",
        "owner": "nixos",
        "repo": "nixpkgs",
        "rev": "0d6617aa42d76d110f8077c0d9b59373dafa17d8",
        "type": "github"
      },
      "original": {
        "owner": "nixos",
        "repo": "nixpkgs",
        "type": "github"
      }
    },
    "root": {
      "inputs": {
        "base16-helix": "base16-helix",
        "base16-i3": "base16-i3",
        "base16-quickshell": "base16-quickshell",
        "base16-rofi": "base16-rofi",
        "base16-vim": "base16-vim",
        "cradle": "cradle",
        "flake-utils": "flake-utils",
        "nixpkgs": "nixpkgs",
        "schemes": "schemes",
        "tinted-terminal": "tinted-terminal"
      }
    },
    "schemes": {
      "flake": false,
      "locked": {
        "lastModified": 1768516483,
        "narHash": "sha256-AWTIYZ1tZab0YwAQwgt5yO4ucqZoc4iXX002Byy7pRY=",
        "owner": "tinted-theming",
        "repo": "schemes",
        "rev": "43dd14f6466a782bd57419fdfb5f398c74d6ac53",
        "type": "github"
      },
      "original": {
        "owner": "tinted-theming",
        "repo": "schemes",
        "type": "github"
      }
    },
    "systems": {
      "locked": {
        "lastModified": 1681028828,
        "narHash": "sha256-Vy1rq5AaRuLzOxct8nz4T6wlgyUR7zLU309k9mBC768=",
        "owner": "nix-systems",
        "repo": "default",
        "rev": "da67096a3b9bf56a91d16901293e51ba5b49a27e",
        "type": "github"
      },
      "original": {
        "owner": "nix-systems",
        "repo": "default",
        "type": "github"
      }
    },
    "tinted-terminal": {
      "flake": false,
      "locked": {
        "lastModified": 1768917026,
        "narHash": "sha256-svKHVtGTQS497C0zxRa4C1Ibw+OBS1OJt76d70X2riA=",
        "owner": "tinted-theming",
        "repo": "tinted-terminal",
        "rev": "2b842ca88b0e2b209e10c465d407ae227baab7fa",
        "type": "github"
      },
      "original": {
        "owner": "tinted-theming",
        "repo": "tinted-terminal",
        "type": "github"
      }
    }
  },
  "root": "root",
  "version": 7
}
