{
  "nodes": {
    "FlatColor": {
      "flake": false,
      "locked": {
        "lastModified": 1717811859,
        "narHash": "sha256-AQk06ttE/M5kSMdNAtBGknBnJtfjDUFVGhySJv4JEVE=",
        "owner": "soenkehahn",
        "repo": "FlatColor",
        "rev": "5ae753f2a573f1f61780903a6b0d9493f61ec90c",
        "type": "github"
      },
      "original": {
        "owner": "soenkehahn",
        "ref": "sh",
        "repo": "FlatColor",
        "type": "github"
      }
    },
    "base16-gtk-flatcolor": {
      "flake": false,
      "locked": {
        "lastModified": 1712450216,
        "narHash": "sha256-Ata863DhcnQJB70iELND3FLWu1GGZ7BK/At9Yak38Jk=",
        "owner": "tinted-theming",
        "repo": "base16-gtk-flatcolor",
        "rev": "d77fd9667ac148fdd649560e04fdc135f543eae0",
        "type": "github"
      },
      "original": {
        "owner": "tinted-theming",
        "repo": "base16-gtk-flatcolor",
        "type": "github"
      }
    },
    "base16-vim": {
      "flake": false,
      "locked": {
        "lastModified": 1716150083,
        "narHash": "sha256-ZMhnNmw34ogE5rJZrjRv5MtG3WaqKd60ds2VXvT6hEc=",
        "owner": "tinted-theming",
        "repo": "base16-vim",
        "rev": "6e955d704d046b0dc3e5c2d68a2a6eeffd2b5d3d",
        "type": "github"
      },
      "original": {
        "owner": "tinted-theming",
        "repo": "base16-vim",
        "type": "github"
      }
    },
    "cradle": {
      "inputs": {
        "flake-utils": [
          "flake-utils"
        ],
        "nixpkgs": [
          "nixpkgs"
        ]
      },
      "locked": {
        "lastModified": 1717164253,
        "narHash": "sha256-OiQnrWO78bsM23Gt7rWEoGh0Zeg5CDv+OiraKskjgd8=",
        "owner": "garnix-io",
        "repo": "cradle",
        "rev": "dbad639f4ba132f336588b85089cd1dc0acad4ea",
        "type": "github"
      },
      "original": {
        "owner": "garnix-io",
        "repo": "cradle",
        "type": "github"
      }
    },
    "flake-utils": {
      "inputs": {
        "systems": "systems"
      },
      "locked": {
        "lastModified": 1710146030,
        "narHash": "sha256-SZ5L6eA7HJ/nmkzGG7/ISclqe6oZdOZTNoesiInkXPQ=",
        "owner": "numtide",
        "repo": "flake-utils",
        "rev": "b1d9ab70662946ef0850d488da1c9019f3a9752a",
        "type": "github"
      },
      "original": {
        "owner": "numtide",
        "repo": "flake-utils",
        "type": "github"
      }
    },
    "nixpkgs": {
      "locked": {
        "lastModified": 1717815834,
        "narHash": "sha256-RGqYhcheQWyRjSo+srjgA9ZpK3JuO/L+rEjQJAAQ3yU=",
        "owner": "nixos",
        "repo": "nixpkgs",
        "rev": "2542605888a650adf055af93f3d9a0dd0d2a93c0",
        "type": "github"
      },
      "original": {
        "owner": "nixos",
        "repo": "nixpkgs",
        "type": "github"
      }
    },
    "root": {
      "inputs": {
        "FlatColor": "FlatColor",
        "base16-gtk-flatcolor": "base16-gtk-flatcolor",
        "base16-vim": "base16-vim",
        "cradle": "cradle",
        "flake-utils": "flake-utils",
        "nixpkgs": "nixpkgs"
      }
    },
    "systems": {
      "locked": {
        "lastModified": 1681028828,
        "narHash": "sha256-Vy1rq5AaRuLzOxct8nz4T6wlgyUR7zLU309k9mBC768=",
        "owner": "nix-systems",
        "repo": "default",
        "rev": "da67096a3b9bf56a91d16901293e51ba5b49a27e",
        "type": "github"
      },
      "original": {
        "owner": "nix-systems",
        "repo": "default",
        "type": "github"
      }
    }
  },
  "root": "root",
  "version": 7
}
